
Microsoft Visual Studio Solution File, Format Version 12.00
# Visual Studio Version 17
VisualStudioVersion = 17.5.33627.172
MinimumVisualStudioVersion = 10.0.40219.1
Project("{9A19103F-16F7-4668-BE54-9A1E7A4F7556}") = "ASP_NET_APP", "ASP_NET_APP\ASP_NET_APP.csproj", "{13162BF2-BC41-4AA9-B33F-ED6FBDB5BF2D}"
EndProject
Project("{E53339B2-1760-4266-BCC7-CA923CBCF16C}") = "docker-compose", "docker-compose.dcproj", "{44FC60D8-2E0B-40CD-B8D1-CD49D1B44BE6}"
EndProject
Global
	GlobalSection(SolutionConfigurationPlatforms) = preSolution
		Debug|Any CPU = Debug|Any CPU
		Release|Any CPU = Release|Any CPU
	EndGlobalSection
	GlobalSection(ProjectConfigurationPlatforms) = postSolution
		{13162BF2-BC41-4AA9-B33F-ED6FBDB5BF2D}.Debug|Any CPU.ActiveCfg = Debug|Any CPU
		{13162BF2-BC41-4AA9-B33F-ED6FBDB5BF2D}.Debug|Any CPU.Build.0 = Debug|Any CPU
		{13162BF2-BC41-4AA9-B33F-ED6FBDB5BF2D}.Release|Any CPU.ActiveCfg = Release|Any CPU
		{13162BF2-BC41-4AA9-B33F-ED6FBDB5BF2D}.Release|Any CPU.Build.0 = Release|Any CPU
		{44FC60D8-2E0B-40CD-B8D1-CD49D1B44BE6}.Debug|Any CPU.ActiveCfg = Debug|Any CPU
		{44FC60D8-2E0B-40CD-B8D1-CD49D1B44BE6}.Debug|Any CPU.Build.0 = Debug|Any CPU
		{44FC60D8-2E0B-40CD-B8D1-CD49D1B44BE6}.Release|Any CPU.ActiveCfg = Release|Any CPU
		{44FC60D8-2E0B-40CD-B8D1-CD49D1B44BE6}.Release|Any CPU.Build.0 = Release|Any CPU
	EndGlobalSection
	GlobalSection(SolutionProperties) = preSolution
		HideSolutionNode = FALSE
	EndGlobalSection
	GlobalSection(ExtensibilityGlobals) = postSolution
		SolutionGuid = {72C4BC63-240E-43D2-9C67-677C673181F6}
	EndGlobalSection
EndGlobal
